
Microsoft Visual Studio Solution File, Format Version 12.00
# Visual Studio 15
VisualStudioVersion = 15.0.28307.960
MinimumVisualStudioVersion = 10.0.40219.1
Project("{FAE04EC0-301F-11D3-BF4B-00C04F79EFBC}") = "MVC Code First", "MVC Code First\MVC Code First.csproj", "{CCC34D06-15D8-4D66-A82D-30185BB11DDE}"
EndProject
Global
	GlobalSection(SolutionConfigurationPlatforms) = preSolution
		Debug|Any CPU = Debug|Any CPU
		Release|Any CPU = Release|Any CPU
	EndGlobalSection
	GlobalSection(ProjectConfigurationPlatforms) = postSolution
		{CCC34D06-15D8-4D66-A82D-30185BB11DDE}.Debug|Any CPU.ActiveCfg = Debug|Any CPU
		{CCC34D06-15D8-4D66-A82D-30185BB11DDE}.Debug|Any CPU.Build.0 = Debug|Any CPU
		{CCC34D06-15D8-4D66-A82D-30185BB11DDE}.Release|Any CPU.ActiveCfg = Release|Any CPU
		{CCC34D06-15D8-4D66-A82D-30185BB11DDE}.Release|Any CPU.Build.0 = Release|Any CPU
	EndGlobalSection
	GlobalSection(SolutionProperties) = preSolution
		HideSolutionNode = FALSE
	EndGlobalSection
	GlobalSection(ExtensibilityGlobals) = postSolution
		SolutionGuid = {48B36F3F-2D4C-4D3C-A8BE-E4BC74DC3B30}
	EndGlobalSection
EndGlobal
